{
    "_meta": {
        "hash": {
            "sha256": "381c29f4cd76a2e5c615bdbed367c35cfafaf403dd297f1f772cc88d84eb62ce"
        },
        "pipfile-spec": 6,
        "requires": {
            "python_version": "3.11"
        },
        "sources": [
            {
                "name": "pypi",
                "url": "https://pypi.org/simple",
                "verify_ssl": true
            }
        ]
    },
    "default": {
        "src": {
            "editable": true,
            "path": "./src"
        }
    },
    "develop": {}
}
